# This is a Gradle generated file for dependency locking.
# Manual edits can break the build and are not advised.
# This file is expected to be part of source control.
io.lettuce:lettuce-core:7.7.0.RELEASE=compileClasspath,nativeImageClasspath,nativeImageTestClasspathInternal,runtimeClasspath,testCompileClasspath,testRuntimeClasspath
io.netty:netty-buffer:4.2.13.Final=compileClasspath,nativeImageClasspath,nativeImageTestClasspathInternal,runtimeClasspath,testCompileClasspath,testRuntimeClasspath
io.netty:netty-codec-base:4.2.13.Final=compileClasspath,nativeImageClasspath,nativeImageTestClasspathInternal,runtimeClasspath,testCompileClasspath,testRuntimeClasspath
io.netty:netty-codec-dns:4.2.13.Final=compileClasspath,nativeImageClasspath,nativeImageTestClasspathInternal,runtimeClasspath,testCompileClasspath,testRuntimeClasspath
io.netty:netty-common:4.2.13.Final=compileClasspath,nativeImageClasspath,nativeImageTestClasspathInternal,runtimeClasspath,testCompileClasspath,testRuntimeClasspath
io.netty:netty-handler:4.2.13.Final=compileClasspath,nativeImageClasspath,nativeImageTestClasspathInternal,runtimeClasspath,testCompileClasspath,testRuntimeClasspath
io.netty:netty-resolver-dns:4.2.13.Final=compileClasspath,nativeImageClasspath,nativeImageTestClasspathInternal,runtimeClasspath,testCompileClasspath,testRuntimeClasspath
io.netty:netty-resolver:4.2.13.Final=compileClasspath,nativeImageClasspath,nativeImageTestClasspathInternal,runtimeClasspath,testCompileClasspath,testRuntimeClasspath
io.netty:netty-transport-native-unix-common:4.2.13.Final=compileClasspath,nativeImageClasspath,nativeImageTestClasspathInternal,runtimeClasspath,testCompileClasspath,testRuntimeClasspath
io.netty:netty-transport:4.2.13.Final=compileClasspath,nativeImageClasspath,nativeImageTestClasspathInternal,runtimeClasspath,testCompileClasspath,testRuntimeClasspath
io.projectreactor:reactor-core:3.6.6=compileClasspath,nativeImageClasspath,nativeImageTestClasspathInternal,runtimeClasspath,testCompileClasspath,testRuntimeClasspath
org.graalvm.buildtools:junit-platform-native:1.1.14=nativeImageTestClasspathInternal
org.reactivestreams:reactive-streams:1.0.4=compileClasspath,nativeImageClasspath,nativeImageTestClasspathInternal,runtimeClasspath,testCompileClasspath,testRuntimeClasspath
org.slf4j:slf4j-api:2.0.17=compileClasspath,nativeImageClasspath,nativeImageTestClasspathInternal,runtimeClasspath,testCompileClasspath,testRuntimeClasspath
redis.clients.authentication:redis-authx-core:0.1.1-beta2=compileClasspath,nativeImageClasspath,nativeImageTestClasspathInternal,runtimeClasspath,testCompileClasspath,testRuntimeClasspath
empty=annotationProcessor,testAnnotationProcessor
